// !$*UTF8*$!
{
	archiveVersion = 1;
	classes = {
	};
	objectVersion = 50;
	objects = {

/* Begin PBXBuildFile section */
		534741E623CC1E3E00AC0E08 /* TVService.swift in Sources */ = {isa = PBXBuildFile; fileRef = 534741E523CC1E3E00AC0E08 /* TVService.swift */; };
		534741E823CC537200AC0E08 /* detailViewController.swift in Sources */ = {isa = PBXBuildFile; fileRef = 534741E723CC537200AC0E08 /* detailViewController.swift */; };
		9B56D102236EDD5400002757 /* AppDelegate.swift in Sources */ = {isa = PBXBuildFile; fileRef = 9B56D101236EDD5400002757 /* AppDelegate.swift */; };
		9B56D104236EDD5400002757 /* SceneDelegate.swift in Sources */ = {isa = PBXBuildFile; fileRef = 9B56D103236EDD5400002757 /* SceneDelegate.swift */; };
		9B56D106236EDD5400002757 /* ViewController.swift in Sources */ = {isa = PBXBuildFile; fileRef = 9B56D105236EDD5400002757 /* ViewController.swift */; };
		9B56D109236EDD5400002757 /* Problem8.storyboard in Resources */ = {isa = PBXBuildFile; fileRef = 9B56D107236EDD5400002757 /* Problem8.storyboard */; };
		9B56D10B236EDD5500002757 /* Assets.xcassets in Resources */ = {isa = PBXBuildFile; fileRef = 9B56D10A236EDD5500002757 /* Assets.xcassets */; };
		9B56D10E236EDD5500002757 /* LaunchScreen.storyboard in Resources */ = {isa = PBXBuildFile; fileRef = 9B56D10C236EDD5500002757 /* LaunchScreen.storyboard */; };
		9B56D11A236EE8A200002757 /* MovieCollectionViewCell.swift in Sources */ = {isa = PBXBuildFile; fileRef = 9B56D115236EE8A100002757 /* MovieCollectionViewCell.swift */; };
		9B56D11B236EE8A200002757 /* Problem8.swift in Sources */ = {isa = PBXBuildFile; fileRef = 9B56D116236EE8A100002757 /* Problem8.swift */; };
		9B56D11C236EE8A200002757 /* MovieConfiguration.swift in Sources */ = {isa = PBXBuildFile; fileRef = 9B56D117236EE8A200002757 /* MovieConfiguration.swift */; };
		9B56D11D236EE8A200002757 /* MovieService.swift in Sources */ = {isa = PBXBuildFile; fileRef = 9B56D118236EE8A200002757 /* MovieService.swift */; };
		9B56D11E236EE8A200002757 /* NowPlaying.swift in Sources */ = {isa = PBXBuildFile; fileRef = 9B56D119236EE8A200002757 /* NowPlaying.swift */; };
/* End PBXBuildFile section */

/* Begin PBXFileReference section */
		534741E523CC1E3E00AC0E08 /* TVService.swift */ = {isa = PBXFileReference; lastKnownFileType = sourcecode.swift; path = TVService.swift; sourceTree = "<group>"; };
		534741E723CC537200AC0E08 /* detailViewController.swift */ = {isa = PBXFileReference; lastKnownFileType = sourcecode.swift; path = detailViewController.swift; sourceTree = "<group>"; };
		9B56D0FE236EDD5400002757 /* iOS Adv Exam5.app */ = {isa = PBXFileReference; explicitFileType = wrapper.application; includeInIndex = 0; path = "iOS Adv Exam5.app"; sourceTree = BUILT_PRODUCTS_DIR; };
		9B56D101236EDD5400002757 /* AppDelegate.swift */ = {isa = PBXFileReference; lastKnownFileType = sourcecode.swift; path = AppDelegate.swift; sourceTree = "<group>"; };
		9B56D103236EDD5400002757 /* SceneDelegate.swift */ = {isa = PBXFileReference; lastKnownFileType = sourcecode.swift; path = SceneDelegate.swift; sourceTree = "<group>"; };
		9B56D105236EDD5400002757 /* ViewController.swift */ = {isa = PBXFileReference; lastKnownFileType = sourcecode.swift; path = ViewController.swift; sourceTree = "<group>"; };
		9B56D108236EDD5400002757 /* Base */ = {isa = PBXFileReference; lastKnownFileType = file.storyboard; name = Base; path = Base.lproj/Problem8.storyboard; sourceTree = "<group>"; };
		9B56D10A236EDD5500002757 /* Assets.xcassets */ = {isa = PBXFileReference; lastKnownFileType = folder.assetcatalog; path = Assets.xcassets; sourceTree = "<group>"; };
		9B56D10D236EDD5500002757 /* Base */ = {isa = PBXFileReference; lastKnownFileType = file.storyboard; name = Base; path = Base.lproj/LaunchScreen.storyboard; sourceTree = "<group>"; };
		9B56D10F236EDD5500002757 /* Info.plist */ = {isa = PBXFileReference; lastKnownFileType = text.plist.xml; path = Info.plist; sourceTree = "<group>"; };
		9B56D115236EE8A100002757 /* MovieCollectionViewCell.swift */ = {isa = PBXFileReference; fileEncoding = 4; lastKnownFileType = sourcecode.swift; path = MovieCollectionViewCell.swift; sourceTree = "<group>"; };
		9B56D116236EE8A100002757 /* Problem8.swift */ = {isa = PBXFileReference; fileEncoding = 4; lastKnownFileType = sourcecode.swift; path = Problem8.swift; sourceTree = "<group>"; };
		9B56D117236EE8A200002757 /* MovieConfiguration.swift */ = {isa = PBXFileReference; fileEncoding = 4; lastKnownFileType = sourcecode.swift; path = MovieConfiguration.swift; sourceTree = "<group>"; };
		9B56D118236EE8A200002757 /* MovieService.swift */ = {isa = PBXFileReference; fileEncoding = 4; lastKnownFileType = sourcecode.swift; path = MovieService.swift; sourceTree = "<group>"; };
		9B56D119236EE8A200002757 /* NowPlaying.swift */ = {isa = PBXFileReference; fileEncoding = 4; lastKnownFileType = sourcecode.swift; path = NowPlaying.swift; sourceTree = "<group>"; };
/* End PBXFileReference section */

/* Begin PBXFrameworksBuildPhase section */
		9B56D0FB236EDD5400002757 /* Frameworks */ = {
			isa = PBXFrameworksBuildPhase;
			buildActionMask = 2147483647;
			files = (
			);
			runOnlyForDeploymentPostprocessing = 0;
		};
/* End PBXFrameworksBuildPhase section */

/* Begin PBXGroup section */
		9B56D0F5236EDD5400002757 = {
			isa = PBXGroup;
			children = (
				9B56D100236EDD5400002757 /* iOS Adv Exam5 */,
				9B56D0FF236EDD5400002757 /* Products */,
			);
			sourceTree = "<group>";
		};
		9B56D0FF236EDD5400002757 /* Products */ = {
			isa = PBXGroup;
			children = (
				9B56D0FE236EDD5400002757 /* iOS Adv Exam5.app */,
			);
			name = Products;
			sourceTree = "<group>";
		};
		9B56D100236EDD5400002757 /* iOS Adv Exam5 */ = {
			isa = PBXGroup;
			children = (
				9B56D101236EDD5400002757 /* AppDelegate.swift */,
				9B56D103236EDD5400002757 /* SceneDelegate.swift */,
				9B56D115236EE8A100002757 /* MovieCollectionViewCell.swift */,
				9B56D117236EE8A200002757 /* MovieConfiguration.swift */,
				9B56D118236EE8A200002757 /* MovieService.swift */,
				534741E523CC1E3E00AC0E08 /* TVService.swift */,
				9B56D119236EE8A200002757 /* NowPlaying.swift */,
				9B56D105236EDD5400002757 /* ViewController.swift */,
				9B56D107236EDD5400002757 /* Problem8.storyboard */,
				9B56D116236EE8A100002757 /* Problem8.swift */,
				534741E723CC537200AC0E08 /* detailViewController.swift */,
				9B56D10A236EDD5500002757 /* Assets.xcassets */,
				9B56D10C236EDD5500002757 /* LaunchScreen.storyboard */,
				9B56D10F236EDD5500002757 /* Info.plist */,
			);
			path = "iOS Adv Exam5";
			sourceTree = "<group>";
		};
/* End PBXGroup section */

/* Begin PBXNativeTarget section */
		9B56D0FD236EDD5400002757 /* iOS Adv Exam5 */ = {
			isa = PBXNativeTarget;
			buildConfigurationList = 9B56D112236EDD5500002757 /* Build configuration list for PBXNativeTarget "iOS Adv Exam5" */;
			buildPhases = (
				9B56D0FA236EDD5400002757 /* Sources */,
				9B56D0FB236EDD5400002757 /* Frameworks */,
				9B56D0FC236EDD5400002757 /* Resources */,
			);
			buildRules = (
			);
			dependencies = (
			);
			name = "iOS Adv Exam5";
			productName = "iOS Adv Exam5";
			productReference = 9B56D0FE236EDD5400002757 /* iOS Adv Exam5.app */;
			productType = "com.apple.product-type.application";
		};
/* End PBXNativeTarget section */

/* Begin PBXProject section */
		9B56D0F6236EDD5400002757 /* Project object */ = {
			isa = PBXProject;
			attributes = {
				LastSwiftUpdateCheck = 1120;
				LastUpgradeCheck = 1120;
				ORGANIZATIONNAME = "SHIH-YING PAN";
				TargetAttributes = {
					9B56D0FD236EDD5400002757 = {
						CreatedOnToolsVersion = 11.2;
					};
				};
			};
			buildConfigurationList = 9B56D0F9236EDD5400002757 /* Build configuration list for PBXProject "iOS Adv Exam5" */;
			compatibilityVersion = "Xcode 9.3";
			developmentRegion = en;
			hasScannedForEncodings = 0;
			knownRegions = (
				en,
				Base,
			);
			mainGroup = 9B56D0F5236EDD5400002757;
			productRefGroup = 9B56D0FF236EDD5400002757 /* Products */;
			projectDirPath = "";
			projectRoot = "";
			targets = (
				9B56D0FD236EDD5400002757 /* iOS Adv Exam5 */,
			);
		};
/* End PBXProject section */

/* Begin PBXResourcesBuildPhase section */
		9B56D0FC236EDD5400002757 /* Resources */ = {
			isa = PBXResourcesBuildPhase;
			buildActionMask = 2147483647;
			files = (
				9B56D10E236EDD5500002757 /* LaunchScreen.storyboard in Resources */,
				9B56D10B236EDD5500002757 /* Assets.xcassets in Resources */,
				9B56D109236EDD5400002757 /* Problem8.storyboard in Resources */,
			);
			runOnlyForDeploymentPostprocessing = 0;
		};
/* End PBXResourcesBuildPhase section */

/* Begin PBXSourcesBuildPhase section */
		9B56D0FA236EDD5400002757 /* Sources */ = {
			isa = PBXSourcesBuildPhase;
			buildActionMask = 2147483647;
			files = (
				534741E623CC1E3E00AC0E08 /* TVService.swift in Sources */,
				9B56D106236EDD5400002757 /* ViewController.swift in Sources */,
				9B56D102236EDD5400002757 /* AppDelegate.swift in Sources */,
				534741E823CC537200AC0E08 /* detailViewController.swift in Sources */,
				9B56D11B236EE8A200002757 /* Problem8.swift in Sources */,
				9B56D11E236EE8A200002757 /* NowPlaying.swift in Sources */,
				9B56D104236EDD5400002757 /* SceneDelegate.swift in Sources */,
				9B56D11A236EE8A200002757 /* MovieCollectionViewCell.swift in Sources */,
				9B56D11C236EE8A200002757 /* MovieConfiguration.swift in Sources */,
				9B56D11D236EE8A200002757 /* MovieService.swift in Sources */,
			);
			runOnlyForDeploymentPostprocessing = 0;
		};
/* End PBXSourcesBuildPhase section */

/* Begin PBXVariantGroup section */
		9B56D107236EDD5400002757 /* Problem8.storyboard */ = {
			isa = PBXVariantGroup;
			children = (
				9B56D108236EDD5400002757 /* Base */,
			);
			name = Problem8.storyboard;
			sourceTree = "<group>";
		};
		9B56D10C236EDD5500002757 /* LaunchScreen.storyboard */ = {
			isa = PBXVariantGroup;
			children = (
				9B56D10D236EDD5500002757 /* Base */,
			);
			name = LaunchScreen.storyboard;
			sourceTree = "<group>";
		};
/* End PBXVariantGroup section */

/* Begin XCBuildConfiguration section */
		9B56D110236EDD5500002757 /* Debug */ = {
			isa = XCBuildConfiguration;
			buildSettings = {
				ALWAYS_SEARCH_USER_PATHS = NO;
				CLANG_ANALYZER_NONNULL = YES;
				CLANG_ANALYZER_NUMBER_OBJECT_CONVERSION = YES_AGGRESSIVE;
				CLANG_CXX_LANGUAGE_STANDARD = "gnu++14";
				CLANG_CXX_LIBRARY = "libc++";
				CLANG_ENABLE_MODULES = YES;
				CLANG_ENABLE_OBJC_ARC = YES;
				CLANG_ENABLE_OBJC_WEAK = YES;
				CLANG_WARN_BLOCK_CAPTURE_AUTORELEASING = YES;
				CLANG_WARN_BOOL_CONVERSION = YES;
				CLANG_WARN_COMMA = YES;
				CLANG_WARN_CONSTANT_CONVERSION = YES;
				CLANG_WARN_DEPRECATED_OBJC_IMPLEMENTATIONS = YES;
				CLANG_WARN_DIRECT_OBJC_ISA_USAGE = YES_ERROR;
				CLANG_WARN_DOCUMENTATION_COMMENTS = YES;
				CLANG_WARN_EMPTY_BODY = YES;
				CLANG_WARN_ENUM_CONVERSION = YES;
				CLANG_WARN_INFINITE_RECURSION = YES;
				CLANG_WARN_INT_CONVERSION = YES;
				CLANG_WARN_NON_LITERAL_NULL_CONVERSION = YES;
				CLANG_WARN_OBJC_IMPLICIT_RETAIN_SELF = YES;
				CLANG_WARN_OBJC_LITERAL_CONVERSION = YES;
				CLANG_WARN_OBJC_ROOT_CLASS = YES_ERROR;
				CLANG_WARN_RANGE_LOOP_ANALYSIS = YES;
				CLANG_WARN_STRICT_PROTOTYPES = YES;
				CLANG_WARN_SUSPICIOUS_MOVE = YES;
				CLANG_WARN_UNGUARDED_AVAILABILITY = YES_AGGRESSIVE;
				CLANG_WARN_UNREACHABLE_CODE = YES;
				CLANG_WARN__DUPLICATE_METHOD_MATCH = YES;
				COPY_PHASE_STRIP = NO;
				DEBUG_INFORMATION_FORMAT = dwarf;
				ENABLE_STRICT_OBJC_MSGSEND = YES;
				ENABLE_TESTABILITY = YES;
				GCC_C_LANGUAGE_STANDARD = gnu11;
				GCC_DYNAMIC_NO_PIC = NO;
				GCC_NO_COMMON_BLOCKS = YES;
				GCC_OPTIMIZATION_LEVEL = 0;
				GCC_PREPROCESSOR_DEFINITIONS = (
					"DEBUG=1",
					"$(inherited)",
				);
				GCC_WARN_64_TO_32_BIT_CONVERSION = YES;
				GCC_WARN_ABOUT_RETURN_TYPE = YES_ERROR;
				GCC_WARN_UNDECLARED_SELECTOR = YES;
				GCC_WARN_UNINITIALIZED_AUTOS = YES_AGGRESSIVE;
				GCC_WARN_UNUSED_FUNCTION = YES;
				GCC_WARN_UNUSED_VARIABLE = YES;
				IPHONEOS_DEPLOYMENT_TARGET = 13.2;
				MTL_ENABLE_DEBUG_INFO = INCLUDE_SOURCE;
				MTL_FAST_MATH = YES;
				ONLY_ACTIVE_ARCH = YES;
				SDKROOT = iphoneos;
				SWIFT_ACTIVE_COMPILATION_CONDITIONS = DEBUG;
				SWIFT_OPTIMIZATION_LEVEL = "-Onone";
			};
			name = Debug;
		};
		9B56D111236EDD5500002757 /* Release */ = {
			isa = XCBuildConfiguration;
			buildSettings = {
				ALWAYS_SEARCH_USER_PATHS = NO;
				CLANG_ANALYZER_NONNULL = YES;
				CLANG_ANALYZER_NUMBER_OBJECT_CONVERSION = YES_AGGRESSIVE;
				CLANG_CXX_LANGUAGE_STANDARD = "gnu++14";
				CLANG_CXX_LIBRARY = "libc++";
				CLANG_ENABLE_MODULES = YES;
				CLANG_ENABLE_OBJC_ARC = YES;
				CLANG_ENABLE_OBJC_WEAK = YES;
				CLANG_WARN_BLOCK_CAPTURE_AUTORELEASING = YES;
				CLANG_WARN_BOOL_CONVERSION = YES;
				CLANG_WARN_COMMA = YES;
				CLANG_WARN_CONSTANT_CONVERSION = YES;
				CLANG_WARN_DEPRECATED_OBJC_IMPLEMENTATIONS = YES;
				CLANG_WARN_DIRECT_OBJC_ISA_USAGE = YES_ERROR;
				CLANG_WARN_DOCUMENTATION_COMMENTS = YES;
				CLANG_WARN_EMPTY_BODY = YES;
				CLANG_WARN_ENUM_CONVERSION = YES;
				CLANG_WARN_INFINITE_RECURSION = YES;
				CLANG_WARN_INT_CONVERSION = YES;
				CLANG_WARN_NON_LITERAL_NULL_CONVERSION = YES;
				CLANG_WARN_OBJC_IMPLICIT_RETAIN_SELF = YES;
				CLANG_WARN_OBJC_LITERAL_CONVERSION = YES;
				CLANG_WARN_OBJC_ROOT_CLASS = YES_ERROR;
				CLANG_WARN_RANGE_LOOP_ANALYSIS = YES;
				CLANG_WARN_STRICT_PROTOTYPES = YES;
				CLANG_WARN_SUSPICIOUS_MOVE = YES;
				CLANG_WARN_UNGUARDED_AVAILABILITY = YES_AGGRESSIVE;
				CLANG_WARN_UNREACHABLE_CODE = YES;
				CLANG_WARN__DUPLICATE_METHOD_MATCH = YES;
				COPY_PHASE_STRIP = NO;
				DEBUG_INFORMATION_FORMAT = "dwarf-with-dsym";
				ENABLE_NS_ASSERTIONS = NO;
				ENABLE_STRICT_OBJC_MSGSEND = YES;
				GCC_C_LANGUAGE_STANDARD = gnu11;
				GCC_NO_COMMON_BLOCKS = YES;
				GCC_WARN_64_TO_32_BIT_CONVERSION = YES;
				GCC_WARN_ABOUT_RETURN_TYPE = YES_ERROR;
				GCC_WARN_UNDECLARED_SELECTOR = YES;
				GCC_WARN_UNINITIALIZED_AUTOS = YES_AGGRESSIVE;
				GCC_WARN_UNUSED_FUNCTION = YES;
				GCC_WARN_UNUSED_VARIABLE = YES;
				IPHONEOS_DEPLOYMENT_TARGET = 13.2;
				MTL_ENABLE_DEBUG_INFO = NO;
				MTL_FAST_MATH = YES;
				SDKROOT = iphoneos;
				SWIFT_COMPILATION_MODE = wholemodule;
				SWIFT_OPTIMIZATION_LEVEL = "-O";
				VALIDATE_PRODUCT = YES;
			};
			name = Release;
		};
		9B56D113236EDD5500002757 /* Debug */ = {
			isa = XCBuildConfiguration;
			buildSettings = {
				ASSETCATALOG_COMPILER_APPICON_NAME = AppIcon;
				CODE_SIGN_STYLE = Automatic;
				INFOPLIST_FILE = "iOS Adv Exam5/Info.plist";
				IPHONEOS_DEPLOYMENT_TARGET = 13.0;
				LD_RUNPATH_SEARCH_PATHS = (
					"$(inherited)",
					"@executable_path/Frameworks",
				);
				PRODUCT_BUNDLE_IDENTIFIER = "com.peter.iOS-Adv-Exam5";
				PRODUCT_NAME = "$(TARGET_NAME)";
				SWIFT_VERSION = 5.0;
				TARGETED_DEVICE_FAMILY = "1,2";
			};
			name = Debug;
		};
		9B56D114236EDD5500002757 /* Release */ = {
			isa = XCBuildConfiguration;
			buildSettings = {
				ASSETCATALOG_COMPILER_APPICON_NAME = AppIcon;
				CODE_SIGN_STYLE = Automatic;
				INFOPLIST_FILE = "iOS Adv Exam5/Info.plist";
				IPHONEOS_DEPLOYMENT_TARGET = 13.0;
				LD_RUNPATH_SEARCH_PATHS = (
					"$(inherited)",
					"@executable_path/Frameworks",
				);
				PRODUCT_BUNDLE_IDENTIFIER = "com.peter.iOS-Adv-Exam5";
				PRODUCT_NAME = "$(TARGET_NAME)";
				SWIFT_VERSION = 5.0;
				TARGETED_DEVICE_FAMILY = "1,2";
			};
			name = Release;
		};
/* End XCBuildConfiguration section */

/* Begin XCConfigurationList section */
		9B56D0F9236EDD5400002757 /* Build configuration list for PBXProject "iOS Adv Exam5" */ = {
			isa = XCConfigurationList;
			buildConfigurations = (
				9B56D110236EDD5500002757 /* Debug */,
				9B56D111236EDD5500002757 /* Release */,
			);
			defaultConfigurationIsVisible = 0;
			defaultConfigurationName = Release;
		};
		9B56D112236EDD5500002757 /* Build configuration list for PBXNativeTarget "iOS Adv Exam5" */ = {
			isa = XCConfigurationList;
			buildConfigurations = (
				9B56D113236EDD5500002757 /* Debug */,
				9B56D114236EDD5500002757 /* Release */,
			);
			defaultConfigurationIsVisible = 0;
			defaultConfigurationName = Release;
		};
/* End XCConfigurationList section */
	};
	rootObject = 9B56D0F6236EDD5400002757 /* Project object */;
}
